
Microsoft Visual Studio Solution File, Format Version 12.00
# Visual Studio Version 17
VisualStudioVersion = 17.3.32901.215
MinimumVisualStudioVersion = 10.0.40219.1
Project("{FAE04EC0-301F-11D3-BF4B-00C04F79EFBC}") = "que2directory", "que2directory.csproj", "{886D3B79-AA1D-47F3-AE16-08ECD2DCD9E2}"
EndProject
Global
	GlobalSection(SolutionConfigurationPlatforms) = preSolution
		Debug|Any CPU = Debug|Any CPU
		Release|Any CPU = Release|Any CPU
	EndGlobalSection
	GlobalSection(ProjectConfigurationPlatforms) = postSolution
		{886D3B79-AA1D-47F3-AE16-08ECD2DCD9E2}.Debug|Any CPU.ActiveCfg = Debug|Any CPU
		{886D3B79-AA1D-47F3-AE16-08ECD2DCD9E2}.Debug|Any CPU.Build.0 = Debug|Any CPU
		{886D3B79-AA1D-47F3-AE16-08ECD2DCD9E2}.Release|Any CPU.ActiveCfg = Release|Any CPU
		{886D3B79-AA1D-47F3-AE16-08ECD2DCD9E2}.Release|Any CPU.Build.0 = Release|Any CPU
	EndGlobalSection
	GlobalSection(SolutionProperties) = preSolution
		HideSolutionNode = FALSE
	EndGlobalSection
	GlobalSection(ExtensibilityGlobals) = postSolution
		SolutionGuid = {20A08DDB-2F52-4357-B8D4-2ED005DAEA17}
	EndGlobalSection
EndGlobal
